{
  "originHash" : "b5c5bd592f8fce8d24c1978fe296dd0d4d06849783fb7ebfacf13c2757ad0195",
  "pins" : [
    {
      "identity" : "swift-argument-parser",
      "kind" : "remoteSourceControl",
      "location" : "https://github.com/apple/swift-argument-parser.git",
      "state" : {
        "revision" : "c5d11a805e765f52ba34ec7284bd4fcd6ba68615",
        "version" : "1.7.0"
      }
    },
    {
      "identity" : "zipfoundation",
      "kind" : "remoteSourceControl",
      "location" : "https://github.com/weichsel/ZIPFoundation",
      "state" : {
        "branch" : "development",
        "revision" : "d6e0da4509c22274b2775b0e8c741518194acba1"
      }
    }
  ],
  "version" : 3
}
